
Microsoft Visual Studio Solution File, Format Version 12.00
# Visual Studio Version 17
VisualStudioVersion = 17.13.35931.197 d17.13
MinimumVisualStudioVersion = 10.0.40219.1
Project("{FAE04EC0-301F-11D3-BF4B-00C04F79EFBC}") = "Ticket_Automation", "Ticket_Automation\Ticket_Automation.csproj", "{05FCEB9A-799E-4840-948E-CF508F23EB6D}"
EndProject
Global
	GlobalSection(SolutionConfigurationPlatforms) = preSolution
		Debug|Any CPU = Debug|Any CPU
		Release|Any CPU = Release|Any CPU
	EndGlobalSection
	GlobalSection(ProjectConfigurationPlatforms) = postSolution
		{05FCEB9A-799E-4840-948E-CF508F23EB6D}.Debug|Any CPU.ActiveCfg = Debug|Any CPU
		{05FCEB9A-799E-4840-948E-CF508F23EB6D}.Debug|Any CPU.Build.0 = Debug|Any CPU
		{05FCEB9A-799E-4840-948E-CF508F23EB6D}.Release|Any CPU.ActiveCfg = Release|Any CPU
		{05FCEB9A-799E-4840-948E-CF508F23EB6D}.Release|Any CPU.Build.0 = Release|Any CPU
	EndGlobalSection
	GlobalSection(SolutionProperties) = preSolution
		HideSolutionNode = FALSE
	EndGlobalSection
	GlobalSection(ExtensibilityGlobals) = postSolution
		SolutionGuid = {85D57D0E-21D3-4938-86DC-ABFBBC4A5499}
	EndGlobalSection
EndGlobal
